
Microsoft Visual Studio Solution File, Format Version 12.00
# Visual Studio 15
VisualStudioVersion = 15.0.26730.12
MinimumVisualStudioVersion = 10.0.40219.1
Project("{FAE04EC0-301F-11D3-BF4B-00C04F79EFBC}") = "HRSoftware", "HRSoftware\HRSoftware.csproj", "{72084388-DB9A-4B0C-AB36-9332EEEA3984}"
EndProject
Global
	GlobalSection(SolutionConfigurationPlatforms) = preSolution
		Debug|Any CPU = Debug|Any CPU
		Release|Any CPU = Release|Any CPU
	EndGlobalSection
	GlobalSection(ProjectConfigurationPlatforms) = postSolution
		{72084388-DB9A-4B0C-AB36-9332EEEA3984}.Debug|Any CPU.ActiveCfg = Debug|Any CPU
		{72084388-DB9A-4B0C-AB36-9332EEEA3984}.Debug|Any CPU.Build.0 = Debug|Any CPU
		{72084388-DB9A-4B0C-AB36-9332EEEA3984}.Release|Any CPU.ActiveCfg = Release|Any CPU
		{72084388-DB9A-4B0C-AB36-9332EEEA3984}.Release|Any CPU.Build.0 = Release|Any CPU
	EndGlobalSection
	GlobalSection(SolutionProperties) = preSolution
		HideSolutionNode = FALSE
	EndGlobalSection
	GlobalSection(ExtensibilityGlobals) = postSolution
		SolutionGuid = {A6304D87-F857-48C4-8143-5AC890D5A506}
	EndGlobalSection
EndGlobal
